// !$*UTF8*$!
{
	archiveVersion = 1;
	classes = {
	};
	objectVersion = 50;
	objects = {

/* Begin PBXBuildFile section */
		59CFBC84218136BB007D4796 /* AppDelegate.swift in Sources */ = {isa = PBXBuildFile; fileRef = 59CFBC83218136BB007D4796 /* AppDelegate.swift */; };
		59CFBC86218136BB007D4796 /* ViewController.swift in Sources */ = {isa = PBXBuildFile; fileRef = 59CFBC85218136BB007D4796 /* ViewController.swift */; };
		59CFBC89218136BB007D4796 /* Main.storyboard in Resources */ = {isa = PBXBuildFile; fileRef = 59CFBC87218136BB007D4796 /* Main.storyboard */; };
		59CFBC8B218136BD007D4796 /* Assets.xcassets in Resources */ = {isa = PBXBuildFile; fileRef = 59CFBC8A218136BD007D4796 /* Assets.xcassets */; };
		59CFBC8E218136BD007D4796 /* LaunchScreen.storyboard in Resources */ = {isa = PBXBuildFile; fileRef = 59CFBC8C218136BD007D4796 /* LaunchScreen.storyboard */; };
		E756A99912ED0AEDB3B6E272 /* Pods_ConsumidorWS.framework in Frameworks */ = {isa = PBXBuildFile; fileRef = C97ABDBBAC570EF183914F17 /* Pods_ConsumidorWS.framework */; };
/* End PBXBuildFile section */

/* Begin PBXFileReference section */
		59CFBC80218136BB007D4796 /* ConsumidorWS.app */ = {isa = PBXFileReference; explicitFileType = wrapper.application; includeInIndex = 0; path = ConsumidorWS.app; sourceTree = BUILT_PRODUCTS_DIR; };
		59CFBC83218136BB007D4796 /* AppDelegate.swift */ = {isa = PBXFileReference; lastKnownFileType = sourcecode.swift; path = AppDelegate.swift; sourceTree = "<group>"; };
		59CFBC85218136BB007D4796 /* ViewController.swift */ = {isa = PBXFileReference; lastKnownFileType = sourcecode.swift; path = ViewController.swift; sourceTree = "<group>"; };
		59CFBC88218136BB007D4796 /* Base */ = {isa = PBXFileReference; lastKnownFileType = file.storyboard; name = Base; path = Base.lproj/Main.storyboard; sourceTree = "<group>"; };
		59CFBC8A218136BD007D4796 /* Assets.xcassets */ = {isa = PBXFileReference; lastKnownFileType = folder.assetcatalog; path = Assets.xcassets; sourceTree = "<group>"; };
		59CFBC8D218136BD007D4796 /* Base */ = {isa = PBXFileReference; lastKnownFileType = file.storyboard; name = Base; path = Base.lproj/LaunchScreen.storyboard; sourceTree = "<group>"; };
		59CFBC8F218136BD007D4796 /* Info.plist */ = {isa = PBXFileReference; lastKnownFileType = text.plist.xml; path = Info.plist; sourceTree = "<group>"; };
		6D8D34DAFE219DB871A3A7B4 /* Pods-ConsumidorWS.debug.xcconfig */ = {isa = PBXFileReference; includeInIndex = 1; lastKnownFileType = text.xcconfig; name = "Pods-ConsumidorWS.debug.xcconfig"; path = "Pods/Target Support Files/Pods-ConsumidorWS/Pods-ConsumidorWS.debug.xcconfig"; sourceTree = "<group>"; };
		C97ABDBBAC570EF183914F17 /* Pods_ConsumidorWS.framework */ = {isa = PBXFileReference; explicitFileType = wrapper.framework; includeInIndex = 0; path = Pods_ConsumidorWS.framework; sourceTree = BUILT_PRODUCTS_DIR; };
		D4123C2860849B4D34DD554F /* Pods-ConsumidorWS.release.xcconfig */ = {isa = PBXFileReference; includeInIndex = 1; lastKnownFileType = text.xcconfig; name = "Pods-ConsumidorWS.release.xcconfig"; path = "Pods/Target Support Files/Pods-ConsumidorWS/Pods-ConsumidorWS.release.xcconfig"; sourceTree = "<group>"; };
/* End PBXFileReference section */

/* Begin PBXFrameworksBuildPhase section */
		59CFBC7D218136BB007D4796 /* Frameworks */ = {
			isa = PBXFrameworksBuildPhase;
			buildActionMask = 2147483647;
			files = (
				E756A99912ED0AEDB3B6E272 /* Pods_ConsumidorWS.framework in Frameworks */,
			);
			runOnlyForDeploymentPostprocessing = 0;
		};
/* End PBXFrameworksBuildPhase section */

/* Begin PBXGroup section */
		59CFBC77218136BB007D4796 = {
			isa = PBXGroup;
			children = (
				59CFBC82218136BB007D4796 /* ConsumidorWS */,
				59CFBC81218136BB007D4796 /* Products */,
				D6020FFFFEC0A62B1E95D7A9 /* Pods */,
				946345AC0AB58E0A6A51AD72 /* Frameworks */,
			);
			sourceTree = "<group>";
		};
		59CFBC81218136BB007D4796 /* Products */ = {
			isa = PBXGroup;
			children = (
				59CFBC80218136BB007D4796 /* ConsumidorWS.app */,
			);
			name = Products;
			sourceTree = "<group>";
		};
		59CFBC82218136BB007D4796 /* ConsumidorWS */ = {
			isa = PBXGroup;
			children = (
				59CFBC83218136BB007D4796 /* AppDelegate.swift */,
				59CFBC85218136BB007D4796 /* ViewController.swift */,
				59CFBC87218136BB007D4796 /* Main.storyboard */,
				59CFBC8A218136BD007D4796 /* Assets.xcassets */,
				59CFBC8C218136BD007D4796 /* LaunchScreen.storyboard */,
				59CFBC8F218136BD007D4796 /* Info.plist */,
			);
			path = ConsumidorWS;
			sourceTree = "<group>";
		};
		946345AC0AB58E0A6A51AD72 /* Frameworks */ = {
			isa = PBXGroup;
			children = (
				C97ABDBBAC570EF183914F17 /* Pods_ConsumidorWS.framework */,
			);
			name = Frameworks;
			sourceTree = "<group>";
		};
		D6020FFFFEC0A62B1E95D7A9 /* Pods */ = {
			isa = PBXGroup;
			children = (
				6D8D34DAFE219DB871A3A7B4 /* Pods-ConsumidorWS.debug.xcconfig */,
				D4123C2860849B4D34DD554F /* Pods-ConsumidorWS.release.xcconfig */,
			);
			name = Pods;
			sourceTree = "<group>";
		};
/* End PBXGroup section */

/* Begin PBXNativeTarget section */
		59CFBC7F218136BB007D4796 /* ConsumidorWS */ = {
			isa = PBXNativeTarget;
			buildConfigurationList = 59CFBC92218136BD007D4796 /* Build configuration list for PBXNativeTarget "ConsumidorWS" */;
			buildPhases = (
				15F252857704D7E81B2FB3B9 /* [CP] Check Pods Manifest.lock */,
				59CFBC7C218136BB007D4796 /* Sources */,
				59CFBC7D218136BB007D4796 /* Frameworks */,
				59CFBC7E218136BB007D4796 /* Resources */,
				79CB226DAF0557563B2BCC98 /* [CP] Embed Pods Frameworks */,
			);
			buildRules = (
			);
			dependencies = (
			);
			name = ConsumidorWS;
			productName = ConsumidorWS;
			productReference = 59CFBC80218136BB007D4796 /* ConsumidorWS.app */;
			productType = "com.apple.product-type.application";
		};
/* End PBXNativeTarget section */

/* Begin PBXProject section */
		59CFBC78218136BB007D4796 /* Project object */ = {
			isa = PBXProject;
			attributes = {
				LastSwiftUpdateCheck = 1000;
				LastUpgradeCheck = 1000;
				ORGANIZATIONNAME = ExpresionBinaria;
				TargetAttributes = {
					59CFBC7F218136BB007D4796 = {
						CreatedOnToolsVersion = 10.0;
					};
				};
			};
			buildConfigurationList = 59CFBC7B218136BB007D4796 /* Build configuration list for PBXProject "ConsumidorWS" */;
			compatibilityVersion = "Xcode 9.3";
			developmentRegion = en;
			hasScannedForEncodings = 0;
			knownRegions = (
				en,
				Base,
			);
			mainGroup = 59CFBC77218136BB007D4796;
			productRefGroup = 59CFBC81218136BB007D4796 /* Products */;
			projectDirPath = "";
			projectRoot = "";
			targets = (
				59CFBC7F218136BB007D4796 /* ConsumidorWS */,
			);
		};
/* End PBXProject section */

/* Begin PBXResourcesBuildPhase section */
		59CFBC7E218136BB007D4796 /* Resources */ = {
			isa = PBXResourcesBuildPhase;
			buildActionMask = 2147483647;
			files = (
				59CFBC8E218136BD007D4796 /* LaunchScreen.storyboard in Resources */,
				59CFBC8B218136BD007D4796 /* Assets.xcassets in Resources */,
				59CFBC89218136BB007D4796 /* Main.storyboard in Resources */,
			);
			runOnlyForDeploymentPostprocessing = 0;
		};
/* End PBXResourcesBuildPhase section */

/* Begin PBXShellScriptBuildPhase section */
		15F252857704D7E81B2FB3B9 /* [CP] Check Pods Manifest.lock */ = {
			isa = PBXShellScriptBuildPhase;
			buildActionMask = 2147483647;
			files = (
			);
			inputFileListPaths = (
			);
			inputPaths = (
				"${PODS_PODFILE_DIR_PATH}/Podfile.lock",
				"${PODS_ROOT}/Manifest.lock",
			);
			name = "[CP] Check Pods Manifest.lock";
			outputFileListPaths = (
			);
			outputPaths = (
				"$(DERIVED_FILE_DIR)/Pods-ConsumidorWS-checkManifestLockResult.txt",
			);
			runOnlyForDeploymentPostprocessing = 0;
			shellPath = /bin/sh;
			shellScript = "diff \"${PODS_PODFILE_DIR_PATH}/Podfile.lock\" \"${PODS_ROOT}/Manifest.lock\" > /dev/null\nif [ $? != 0 ] ; then\n    # print error to STDERR\n    echo \"error: The sandbox is not in sync with the Podfile.lock. Run 'pod install' or update your CocoaPods installation.\" >&2\n    exit 1\nfi\n# This output is used by Xcode 'outputs' to avoid re-running this script phase.\necho \"SUCCESS\" > \"${SCRIPT_OUTPUT_FILE_0}\"\n";
			showEnvVarsInLog = 0;
		};
		79CB226DAF0557563B2BCC98 /* [CP] Embed Pods Frameworks */ = {
			isa = PBXShellScriptBuildPhase;
			buildActionMask = 2147483647;
			files = (
			);
			inputFileListPaths = (
			);
			inputPaths = (
				"${SRCROOT}/Pods/Target Support Files/Pods-ConsumidorWS/Pods-ConsumidorWS-frameworks.sh",
				"${BUILT_PRODUCTS_DIR}/RijndaelSwift/RijndaelSwift.framework",
			);
			name = "[CP] Embed Pods Frameworks";
			outputFileListPaths = (
			);
			outputPaths = (
				"${TARGET_BUILD_DIR}/${FRAMEWORKS_FOLDER_PATH}/RijndaelSwift.framework",
			);
			runOnlyForDeploymentPostprocessing = 0;
			shellPath = /bin/sh;
			shellScript = "\"${SRCROOT}/Pods/Target Support Files/Pods-ConsumidorWS/Pods-ConsumidorWS-frameworks.sh\"\n";
			showEnvVarsInLog = 0;
		};
/* End PBXShellScriptBuildPhase section */

/* Begin PBXSourcesBuildPhase section */
		59CFBC7C218136BB007D4796 /* Sources */ = {
			isa = PBXSourcesBuildPhase;
			buildActionMask = 2147483647;
			files = (
				59CFBC86218136BB007D4796 /* ViewController.swift in Sources */,
				59CFBC84218136BB007D4796 /* AppDelegate.swift in Sources */,
			);
			runOnlyForDeploymentPostprocessing = 0;
		};
/* End PBXSourcesBuildPhase section */

/* Begin PBXVariantGroup section */
		59CFBC87218136BB007D4796 /* Main.storyboard */ = {
			isa = PBXVariantGroup;
			children = (
				59CFBC88218136BB007D4796 /* Base */,
			);
			name = Main.storyboard;
			sourceTree = "<group>";
		};
		59CFBC8C218136BD007D4796 /* LaunchScreen.storyboard */ = {
			isa = PBXVariantGroup;
			children = (
				59CFBC8D218136BD007D4796 /* Base */,
			);
			name = LaunchScreen.storyboard;
			sourceTree = "<group>";
		};
/* End PBXVariantGroup section */

/* Begin XCBuildConfiguration section */
		59CFBC90218136BD007D4796 /* Debug */ = {
			isa = XCBuildConfiguration;
			buildSettings = {
				ALWAYS_SEARCH_USER_PATHS = NO;
				CLANG_ANALYZER_NONNULL = YES;
				CLANG_ANALYZER_NUMBER_OBJECT_CONVERSION = YES_AGGRESSIVE;
				CLANG_CXX_LANGUAGE_STANDARD = "gnu++14";
				CLANG_CXX_LIBRARY = "libc++";
				CLANG_ENABLE_MODULES = YES;
				CLANG_ENABLE_OBJC_ARC = YES;
				CLANG_ENABLE_OBJC_WEAK = YES;
				CLANG_WARN_BLOCK_CAPTURE_AUTORELEASING = YES;
				CLANG_WARN_BOOL_CONVERSION = YES;
				CLANG_WARN_COMMA = YES;
				CLANG_WARN_CONSTANT_CONVERSION = YES;
				CLANG_WARN_DEPRECATED_OBJC_IMPLEMENTATIONS = YES;
				CLANG_WARN_DIRECT_OBJC_ISA_USAGE = YES_ERROR;
				CLANG_WARN_DOCUMENTATION_COMMENTS = YES;
				CLANG_WARN_EMPTY_BODY = YES;
				CLANG_WARN_ENUM_CONVERSION = YES;
				CLANG_WARN_INFINITE_RECURSION = YES;
				CLANG_WARN_INT_CONVERSION = YES;
				CLANG_WARN_NON_LITERAL_NULL_CONVERSION = YES;
				CLANG_WARN_OBJC_IMPLICIT_RETAIN_SELF = YES;
				CLANG_WARN_OBJC_LITERAL_CONVERSION = YES;
				CLANG_WARN_OBJC_ROOT_CLASS = YES_ERROR;
				CLANG_WARN_RANGE_LOOP_ANALYSIS = YES;
				CLANG_WARN_STRICT_PROTOTYPES = YES;
				CLANG_WARN_SUSPICIOUS_MOVE = YES;
				CLANG_WARN_UNGUARDED_AVAILABILITY = YES_AGGRESSIVE;
				CLANG_WARN_UNREACHABLE_CODE = YES;
				CLANG_WARN__DUPLICATE_METHOD_MATCH = YES;
				CODE_SIGN_IDENTITY = "iPhone Developer";
				COPY_PHASE_STRIP = NO;
				DEBUG_INFORMATION_FORMAT = dwarf;
				ENABLE_STRICT_OBJC_MSGSEND = YES;
				ENABLE_TESTABILITY = YES;
				GCC_C_LANGUAGE_STANDARD = gnu11;
				GCC_DYNAMIC_NO_PIC = NO;
				GCC_NO_COMMON_BLOCKS = YES;
				GCC_OPTIMIZATION_LEVEL = 0;
				GCC_PREPROCESSOR_DEFINITIONS = (
					"DEBUG=1",
					"$(inherited)",
				);
				GCC_WARN_64_TO_32_BIT_CONVERSION = YES;
				GCC_WARN_ABOUT_RETURN_TYPE = YES_ERROR;
				GCC_WARN_UNDECLARED_SELECTOR = YES;
				GCC_WARN_UNINITIALIZED_AUTOS = YES_AGGRESSIVE;
				GCC_WARN_UNUSED_FUNCTION = YES;
				GCC_WARN_UNUSED_VARIABLE = YES;
				IPHONEOS_DEPLOYMENT_TARGET = 12.0;
				MTL_ENABLE_DEBUG_INFO = INCLUDE_SOURCE;
				MTL_FAST_MATH = YES;
				ONLY_ACTIVE_ARCH = YES;
				SDKROOT = iphoneos;
				SWIFT_ACTIVE_COMPILATION_CONDITIONS = DEBUG;
				SWIFT_OPTIMIZATION_LEVEL = "-Onone";
			};
			name = Debug;
		};
		59CFBC91218136BD007D4796 /* Release */ = {
			isa = XCBuildConfiguration;
			buildSettings = {
				ALWAYS_SEARCH_USER_PATHS = NO;
				CLANG_ANALYZER_NONNULL = YES;
				CLANG_ANALYZER_NUMBER_OBJECT_CONVERSION = YES_AGGRESSIVE;
				CLANG_CXX_LANGUAGE_STANDARD = "gnu++14";
				CLANG_CXX_LIBRARY = "libc++";
				CLANG_ENABLE_MODULES = YES;
				CLANG_ENABLE_OBJC_ARC = YES;
				CLANG_ENABLE_OBJC_WEAK = YES;
				CLANG_WARN_BLOCK_CAPTURE_AUTORELEASING = YES;
				CLANG_WARN_BOOL_CONVERSION = YES;
				CLANG_WARN_COMMA = YES;
				CLANG_WARN_CONSTANT_CONVERSION = YES;
				CLANG_WARN_DEPRECATED_OBJC_IMPLEMENTATIONS = YES;
				CLANG_WARN_DIRECT_OBJC_ISA_USAGE = YES_ERROR;
				CLANG_WARN_DOCUMENTATION_COMMENTS = YES;
				CLANG_WARN_EMPTY_BODY = YES;
				CLANG_WARN_ENUM_CONVERSION = YES;
				CLANG_WARN_INFINITE_RECURSION = YES;
				CLANG_WARN_INT_CONVERSION = YES;
				CLANG_WARN_NON_LITERAL_NULL_CONVERSION = YES;
				CLANG_WARN_OBJC_IMPLICIT_RETAIN_SELF = YES;
				CLANG_WARN_OBJC_LITERAL_CONVERSION = YES;
				CLANG_WARN_OBJC_ROOT_CLASS = YES_ERROR;
				CLANG_WARN_RANGE_LOOP_ANALYSIS = YES;
				CLANG_WARN_STRICT_PROTOTYPES = YES;
				CLANG_WARN_SUSPICIOUS_MOVE = YES;
				CLANG_WARN_UNGUARDED_AVAILABILITY = YES_AGGRESSIVE;
				CLANG_WARN_UNREACHABLE_CODE = YES;
				CLANG_WARN__DUPLICATE_METHOD_MATCH = YES;
				CODE_SIGN_IDENTITY = "iPhone Developer";
				COPY_PHASE_STRIP = NO;
				DEBUG_INFORMATION_FORMAT = "dwarf-with-dsym";
				ENABLE_NS_ASSERTIONS = NO;
				ENABLE_STRICT_OBJC_MSGSEND = YES;
				GCC_C_LANGUAGE_STANDARD = gnu11;
				GCC_NO_COMMON_BLOCKS = YES;
				GCC_WARN_64_TO_32_BIT_CONVERSION = YES;
				GCC_WARN_ABOUT_RETURN_TYPE = YES_ERROR;
				GCC_WARN_UNDECLARED_SELECTOR = YES;
				GCC_WARN_UNINITIALIZED_AUTOS = YES_AGGRESSIVE;
				GCC_WARN_UNUSED_FUNCTION = YES;
				GCC_WARN_UNUSED_VARIABLE = YES;
				IPHONEOS_DEPLOYMENT_TARGET = 12.0;
				MTL_ENABLE_DEBUG_INFO = NO;
				MTL_FAST_MATH = YES;
				SDKROOT = iphoneos;
				SWIFT_COMPILATION_MODE = wholemodule;
				SWIFT_OPTIMIZATION_LEVEL = "-O";
				VALIDATE_PRODUCT = YES;
			};
			name = Release;
		};
		59CFBC93218136BD007D4796 /* Debug */ = {
			isa = XCBuildConfiguration;
			baseConfigurationReference = 6D8D34DAFE219DB871A3A7B4 /* Pods-ConsumidorWS.debug.xcconfig */;
			buildSettings = {
				ASSETCATALOG_COMPILER_APPICON_NAME = AppIcon;
				CODE_SIGN_STYLE = Automatic;
				DEVELOPMENT_TEAM = R4CTQPXKR2;
				INFOPLIST_FILE = ConsumidorWS/Info.plist;
				LD_RUNPATH_SEARCH_PATHS = (
					"$(inherited)",
					"@executable_path/Frameworks",
				);
				PRODUCT_BUNDLE_IDENTIFIER = EB.ConsumidorWS;
				PRODUCT_NAME = "$(TARGET_NAME)";
				SWIFT_VERSION = 4.2;
				TARGETED_DEVICE_FAMILY = "1,2";
			};
			name = Debug;
		};
		59CFBC94218136BD007D4796 /* Release */ = {
			isa = XCBuildConfiguration;
			baseConfigurationReference = D4123C2860849B4D34DD554F /* Pods-ConsumidorWS.release.xcconfig */;
			buildSettings = {
				ASSETCATALOG_COMPILER_APPICON_NAME = AppIcon;
				CODE_SIGN_STYLE = Automatic;
				DEVELOPMENT_TEAM = R4CTQPXKR2;
				INFOPLIST_FILE = ConsumidorWS/Info.plist;
				LD_RUNPATH_SEARCH_PATHS = (
					"$(inherited)",
					"@executable_path/Frameworks",
				);
				PRODUCT_BUNDLE_IDENTIFIER = EB.ConsumidorWS;
				PRODUCT_NAME = "$(TARGET_NAME)";
				SWIFT_VERSION = 4.2;
				TARGETED_DEVICE_FAMILY = "1,2";
			};
			name = Release;
		};
/* End XCBuildConfiguration section */

/* Begin XCConfigurationList section */
		59CFBC7B218136BB007D4796 /* Build configuration list for PBXProject "ConsumidorWS" */ = {
			isa = XCConfigurationList;
			buildConfigurations = (
				59CFBC90218136BD007D4796 /* Debug */,
				59CFBC91218136BD007D4796 /* Release */,
			);
			defaultConfigurationIsVisible = 0;
			defaultConfigurationName = Release;
		};
		59CFBC92218136BD007D4796 /* Build configuration list for PBXNativeTarget "ConsumidorWS" */ = {
			isa = XCConfigurationList;
			buildConfigurations = (
				59CFBC93218136BD007D4796 /* Debug */,
				59CFBC94218136BD007D4796 /* Release */,
			);
			defaultConfigurationIsVisible = 0;
			defaultConfigurationName = Release;
		};
/* End XCConfigurationList section */
	};
	rootObject = 59CFBC78218136BB007D4796 /* Project object */;
}
